{
  "object": {
    "pins": [
      {
        "package": "NYPLUtilities",
        "repositoryURL": "https://github.com/NYPL-Simplified/iOS-Utilities",
        "state": {
          "branch": "main",
          "revision": "358380251b3f08b4414160e7e6863d14f4249294",
          "version": null
        }
      },
      {
        "package": "PureLayout",
        "repositoryURL": "https://github.com/PureLayout/PureLayout.git",
        "state": {
          "branch": null,
          "revision": "5561683c96dc49b023c1299bfe4f6fbeed5f8199",
          "version": "3.1.9"
        }
      }
    ]
  },
  "version": 1
}
