{
  "object": {
    "pins": [
      {
        "package": "NYPLUtilities",
        "repositoryURL": "https://github.com/NYPL-Simplified/iOS-Utilities",
        "state": {
          "branch": "main",
          "revision": "92ba3eae4339d03a22e682faee6edc749a089933",
          "version": null
        }
      },
      {
        "package": "NewRelic",
        "repositoryURL": "https://github.com/newrelic/newrelic-ios-agent-spm",
        "state": {
          "branch": null,
          "revision": "4e793768516dfa1809fd92620bda414fa392d46f",
          "version": "7.3.5"
        }
      },
      {
        "package": "PureLayout",
        "repositoryURL": "https://github.com/PureLayout/PureLayout.git",
        "state": {
          "branch": null,
          "revision": "5561683c96dc49b023c1299bfe4f6fbeed5f8199",
          "version": "3.1.9"
        }
      }
    ]
  },
  "version": 1
}
